
Microsoft Visual Studio Solution File, Format Version 12.00
# Visual Studio 15
VisualStudioVersion = 15.0.27703.2026
MinimumVisualStudioVersion = 10.0.40219.1
Project("{9A19103F-16F7-4668-BE54-9A1E7A4F7556}") = "asdasd.Core", "asdasd.Core\asdasd.Core.csproj", "{59adb2cd-bbbd-4940-b187-c28d338a82ca}"
EndProject
Project("{9A19103F-16F7-4668-BE54-9A1E7A4F7556}") = "asdasd.Infrastructure", "asdasd.Infrastructure\asdasd.Infrastructure.csproj", "{6c89d51a-8097-4c8a-af09-99df73c32e27}"
EndProject
Project("{9A19103F-16F7-4668-BE54-9A1E7A4F7556}") = "asdasd.Database", "asdasd.Database\asdasd.Database.csproj", "{b7a999b7-729a-4dc8-a910-95357719bac9}"
EndProject
Project("{9A19103F-16F7-4668-BE54-9A1E7A4F7556}") = "asdasd.Api", "asdasd.Api\asdasd.Api.csproj", "{763b7da6-812b-4c41-9520-2b51da96d965}"
EndProject
Global
	GlobalSection(SolutionConfigurationPlatforms) = preSolution
		Debug|Any CPU = Debug|Any CPU
		Release|Any CPU = Release|Any CPU
	EndGlobalSection
	GlobalSection(ProjectConfigurationPlatforms) = postSolution
		
	EndGlobalSection
	GlobalSection(SolutionProperties) = preSolution
		HideSolutionNode = FALSE
	EndGlobalSection
	GlobalSection(ExtensibilityGlobals) = postSolution
		SolutionGuid = {00c3a97b-d36e-4c75-a739-5dbdd7f9fe62}
	EndGlobalSection
EndGlobal
