
Microsoft Visual Studio Solution File, Format Version 12.00
# Visual Studio 15
VisualStudioVersion = 15.0.27703.2026
MinimumVisualStudioVersion = 10.0.40219.1
Project("{9A19103F-16F7-4668-BE54-9A1E7A4F7556}") = "<%= solutionName %>.Core", "<%= solutionName %>.Core\<%= solutionName %>.Core.csproj", "{<%= CoreGuid %>}"
EndProject
Project("{9A19103F-16F7-4668-BE54-9A1E7A4F7556}") = "<%= solutionName %>.Infrastructure", "<%= solutionName %>.Infrastructure\<%= solutionName %>.Infrastructure.csproj", "{<%= InfrastructureGuid %>}"
EndProject
Project("{9A19103F-16F7-4668-BE54-9A1E7A4F7556}") = "<%= solutionName %>.Database", "<%= solutionName %>.Database\<%= solutionName %>.Database.csproj", "{<%= DatabaseGuid %>}"
EndProject
Project("{9A19103F-16F7-4668-BE54-9A1E7A4F7556}") = "<%= solutionName %>.Api", "<%= solutionName %>.Api\<%= solutionName %>.Api.csproj", "{<%= ApiGuid %>}"
EndProject
Global
	GlobalSection(SolutionConfigurationPlatforms) = preSolution
		Debug|Any CPU = Debug|Any CPU
		Release|Any CPU = Release|Any CPU
	EndGlobalSection
	GlobalSection(ProjectConfigurationPlatforms) = postSolution
		
	EndGlobalSection
	GlobalSection(SolutionProperties) = preSolution
		HideSolutionNode = FALSE
	EndGlobalSection
	GlobalSection(ExtensibilityGlobals) = postSolution
		SolutionGuid = {<%= SolutionGuid %>}
	EndGlobalSection
EndGlobal
